
Microsoft Visual Studio Solution File, Format Version 12.00
# Visual Studio Version 16
VisualStudioVersion = 16.0.31105.61
MinimumVisualStudioVersion = 10.0.40219.1
Project("{FAE04EC0-301F-11D3-BF4B-00C04F79EFBC}") = "coursework_examination_system", "coursework_examination_system\coursework_examination_system.csproj", "{6ECBA68F-9C29-4284-8012-DE1B696A8CCF}"
EndProject
Global
	GlobalSection(SolutionConfigurationPlatforms) = preSolution
		Debug|Any CPU = Debug|Any CPU
		Release|Any CPU = Release|Any CPU
	EndGlobalSection
	GlobalSection(ProjectConfigurationPlatforms) = postSolution
		{6ECBA68F-9C29-4284-8012-DE1B696A8CCF}.Debug|Any CPU.ActiveCfg = Debug|Any CPU
		{6ECBA68F-9C29-4284-8012-DE1B696A8CCF}.Debug|Any CPU.Build.0 = Debug|Any CPU
		{6ECBA68F-9C29-4284-8012-DE1B696A8CCF}.Release|Any CPU.ActiveCfg = Release|Any CPU
		{6ECBA68F-9C29-4284-8012-DE1B696A8CCF}.Release|Any CPU.Build.0 = Release|Any CPU
	EndGlobalSection
	GlobalSection(SolutionProperties) = preSolution
		HideSolutionNode = FALSE
	EndGlobalSection
	GlobalSection(ExtensibilityGlobals) = postSolution
		SolutionGuid = {D1FDEB2B-6B6B-45A3-B5EF-304410568006}
	EndGlobalSection
EndGlobal
